// !$*UTF8*$!
{
	archiveVersion = 1;
	classes = {
	};
	objectVersion = 46;
	objects = {

/* Begin PBXBuildFile section */
		6569651F1BE07A6F0035BE0C /* main.cpp in Sources */ = {isa = PBXBuildFile; fileRef = 6569651E1BE07A6F0035BE0C /* main.cpp */; };
		656965291BE0803E0035BE0C /* sphere.cpp in Sources */ = {isa = PBXBuildFile; fileRef = 656965271BE0803E0035BE0C /* sphere.cpp */; };
		6569652C1BE0804F0035BE0C /* polygon.cpp in Sources */ = {isa = PBXBuildFile; fileRef = 6569652A1BE0804F0035BE0C /* polygon.cpp */; };
		6569652F1BE081530035BE0C /* window.cpp in Sources */ = {isa = PBXBuildFile; fileRef = 6569652D1BE081530035BE0C /* window.cpp */; };
		656965331BE0832D0035BE0C /* raytracer.cpp in Sources */ = {isa = PBXBuildFile; fileRef = 656965311BE0832D0035BE0C /* raytracer.cpp */; };
		656965361BE083720035BE0C /* scene.cpp in Sources */ = {isa = PBXBuildFile; fileRef = 656965341BE083720035BE0C /* scene.cpp */; };
		656965391BE083C00035BE0C /* item.cpp in Sources */ = {isa = PBXBuildFile; fileRef = 656965371BE083C00035BE0C /* item.cpp */; };
		6569653E1BE084FD0035BE0C /* Vector.cpp in Sources */ = {isa = PBXBuildFile; fileRef = 6569653A1BE084FD0035BE0C /* Vector.cpp */; };
		6569653F1BE084FD0035BE0C /* Vertex.cpp in Sources */ = {isa = PBXBuildFile; fileRef = 6569653C1BE084FD0035BE0C /* Vertex.cpp */; };
		656965421BE085BE0035BE0C /* color.cpp in Sources */ = {isa = PBXBuildFile; fileRef = 656965401BE085BE0035BE0C /* color.cpp */; };
/* End PBXBuildFile section */

/* Begin PBXCopyFilesBuildPhase section */
		656965191BE07A6F0035BE0C /* CopyFiles */ = {
			isa = PBXCopyFilesBuildPhase;
			buildActionMask = 2147483647;
			dstPath = /usr/share/man/man1/;
			dstSubfolderSpec = 0;
			files = (
			);
			runOnlyForDeploymentPostprocessing = 1;
		};
/* End PBXCopyFilesBuildPhase section */

/* Begin PBXFileReference section */
		6569651B1BE07A6F0035BE0C /* raytrace */ = {isa = PBXFileReference; explicitFileType = "compiled.mach-o.executable"; includeInIndex = 0; path = raytrace; sourceTree = BUILT_PRODUCTS_DIR; };
		6569651E1BE07A6F0035BE0C /* main.cpp */ = {isa = PBXFileReference; lastKnownFileType = sourcecode.cpp.cpp; path = main.cpp; sourceTree = "<group>"; };
		656965251BE07F870035BE0C /* scenes */ = {isa = PBXFileReference; lastKnownFileType = folder; path = scenes; sourceTree = "<group>"; };
		656965261BE07F8F0035BE0C /* documentation */ = {isa = PBXFileReference; lastKnownFileType = folder; path = documentation; sourceTree = "<group>"; };
		656965271BE0803E0035BE0C /* sphere.cpp */ = {isa = PBXFileReference; fileEncoding = 4; lastKnownFileType = sourcecode.cpp.cpp; path = sphere.cpp; sourceTree = "<group>"; };
		656965281BE0803E0035BE0C /* sphere.h */ = {isa = PBXFileReference; fileEncoding = 4; lastKnownFileType = sourcecode.c.h; path = sphere.h; sourceTree = "<group>"; };
		6569652A1BE0804F0035BE0C /* polygon.cpp */ = {isa = PBXFileReference; fileEncoding = 4; lastKnownFileType = sourcecode.cpp.cpp; path = polygon.cpp; sourceTree = "<group>"; };
		6569652B1BE0804F0035BE0C /* polygon.h */ = {isa = PBXFileReference; fileEncoding = 4; lastKnownFileType = sourcecode.c.h; path = polygon.h; sourceTree = "<group>"; };
		6569652D1BE081530035BE0C /* window.cpp */ = {isa = PBXFileReference; fileEncoding = 4; lastKnownFileType = sourcecode.cpp.cpp; path = window.cpp; sourceTree = "<group>"; };
		6569652E1BE081530035BE0C /* window.h */ = {isa = PBXFileReference; fileEncoding = 4; lastKnownFileType = sourcecode.c.h; path = window.h; sourceTree = "<group>"; };
		656965301BE082E10035BE0C /* main.h */ = {isa = PBXFileReference; lastKnownFileType = sourcecode.c.h; path = main.h; sourceTree = "<group>"; };
		656965311BE0832D0035BE0C /* raytracer.cpp */ = {isa = PBXFileReference; fileEncoding = 4; lastKnownFileType = sourcecode.cpp.cpp; path = raytracer.cpp; sourceTree = "<group>"; };
		656965321BE0832D0035BE0C /* raytracer.h */ = {isa = PBXFileReference; fileEncoding = 4; lastKnownFileType = sourcecode.c.h; path = raytracer.h; sourceTree = "<group>"; };
		656965341BE083720035BE0C /* scene.cpp */ = {isa = PBXFileReference; fileEncoding = 4; lastKnownFileType = sourcecode.cpp.cpp; path = scene.cpp; sourceTree = "<group>"; };
		656965351BE083720035BE0C /* scene.h */ = {isa = PBXFileReference; fileEncoding = 4; lastKnownFileType = sourcecode.c.h; path = scene.h; sourceTree = "<group>"; };
		656965371BE083C00035BE0C /* item.cpp */ = {isa = PBXFileReference; fileEncoding = 4; lastKnownFileType = sourcecode.cpp.cpp; path = item.cpp; sourceTree = "<group>"; };
		656965381BE083C00035BE0C /* item.h */ = {isa = PBXFileReference; fileEncoding = 4; lastKnownFileType = sourcecode.c.h; path = item.h; sourceTree = "<group>"; };
		6569653A1BE084FD0035BE0C /* Vector.cpp */ = {isa = PBXFileReference; fileEncoding = 4; lastKnownFileType = sourcecode.cpp.cpp; path = Vector.cpp; sourceTree = "<group>"; };
		6569653B1BE084FD0035BE0C /* Vector.h */ = {isa = PBXFileReference; fileEncoding = 4; lastKnownFileType = sourcecode.c.h; path = Vector.h; sourceTree = "<group>"; };
		6569653C1BE084FD0035BE0C /* Vertex.cpp */ = {isa = PBXFileReference; fileEncoding = 4; lastKnownFileType = sourcecode.cpp.cpp; path = Vertex.cpp; sourceTree = "<group>"; };
		6569653D1BE084FD0035BE0C /* Vertex.h */ = {isa = PBXFileReference; fileEncoding = 4; lastKnownFileType = sourcecode.c.h; path = Vertex.h; sourceTree = "<group>"; };
		656965401BE085BE0035BE0C /* color.cpp */ = {isa = PBXFileReference; fileEncoding = 4; lastKnownFileType = sourcecode.cpp.cpp; path = color.cpp; sourceTree = "<group>"; };
		656965411BE085BE0035BE0C /* color.h */ = {isa = PBXFileReference; fileEncoding = 4; lastKnownFileType = sourcecode.c.h; path = color.h; sourceTree = "<group>"; };
/* End PBXFileReference section */

/* Begin PBXFrameworksBuildPhase section */
		656965181BE07A6F0035BE0C /* Frameworks */ = {
			isa = PBXFrameworksBuildPhase;
			buildActionMask = 2147483647;
			files = (
			);
			runOnlyForDeploymentPostprocessing = 0;
		};
/* End PBXFrameworksBuildPhase section */

/* Begin PBXGroup section */
		656965121BE07A6F0035BE0C = {
			isa = PBXGroup;
			children = (
				6569651D1BE07A6F0035BE0C /* raytrace */,
				6569651C1BE07A6F0035BE0C /* Products */,
			);
			sourceTree = "<group>";
		};
		6569651C1BE07A6F0035BE0C /* Products */ = {
			isa = PBXGroup;
			children = (
				6569651B1BE07A6F0035BE0C /* raytrace */,
			);
			name = Products;
			sourceTree = "<group>";
		};
		6569651D1BE07A6F0035BE0C /* raytrace */ = {
			isa = PBXGroup;
			children = (
				656965251BE07F870035BE0C /* scenes */,
				656965261BE07F8F0035BE0C /* documentation */,
				656965301BE082E10035BE0C /* main.h */,
				6569651E1BE07A6F0035BE0C /* main.cpp */,
				656965321BE0832D0035BE0C /* raytracer.h */,
				656965311BE0832D0035BE0C /* raytracer.cpp */,
				656965351BE083720035BE0C /* scene.h */,
				656965341BE083720035BE0C /* scene.cpp */,
				656965381BE083C00035BE0C /* item.h */,
				656965371BE083C00035BE0C /* item.cpp */,
				656965411BE085BE0035BE0C /* color.h */,
				656965401BE085BE0035BE0C /* color.cpp */,
				6569652B1BE0804F0035BE0C /* polygon.h */,
				6569652A1BE0804F0035BE0C /* polygon.cpp */,
				6569653B1BE084FD0035BE0C /* Vector.h */,
				6569653A1BE084FD0035BE0C /* Vector.cpp */,
				6569653D1BE084FD0035BE0C /* Vertex.h */,
				6569653C1BE084FD0035BE0C /* Vertex.cpp */,
				656965281BE0803E0035BE0C /* sphere.h */,
				656965271BE0803E0035BE0C /* sphere.cpp */,
				6569652E1BE081530035BE0C /* window.h */,
				6569652D1BE081530035BE0C /* window.cpp */,
			);
			path = raytrace;
			sourceTree = "<group>";
		};
/* End PBXGroup section */

/* Begin PBXNativeTarget section */
		6569651A1BE07A6F0035BE0C /* raytrace */ = {
			isa = PBXNativeTarget;
			buildConfigurationList = 656965221BE07A6F0035BE0C /* Build configuration list for PBXNativeTarget "raytrace" */;
			buildPhases = (
				656965171BE07A6F0035BE0C /* Sources */,
				656965181BE07A6F0035BE0C /* Frameworks */,
				656965191BE07A6F0035BE0C /* CopyFiles */,
			);
			buildRules = (
			);
			dependencies = (
			);
			name = raytrace;
			productName = raytrace;
			productReference = 6569651B1BE07A6F0035BE0C /* raytrace */;
			productType = "com.apple.product-type.tool";
		};
/* End PBXNativeTarget section */

/* Begin PBXProject section */
		656965131BE07A6F0035BE0C /* Project object */ = {
			isa = PBXProject;
			attributes = {
				LastUpgradeCheck = 0630;
				ORGANIZATIONNAME = "Daniel Fuller";
				TargetAttributes = {
					6569651A1BE07A6F0035BE0C = {
						CreatedOnToolsVersion = 6.3.1;
					};
				};
			};
			buildConfigurationList = 656965161BE07A6F0035BE0C /* Build configuration list for PBXProject "raytrace" */;
			compatibilityVersion = "Xcode 3.2";
			developmentRegion = English;
			hasScannedForEncodings = 0;
			knownRegions = (
				en,
			);
			mainGroup = 656965121BE07A6F0035BE0C;
			productRefGroup = 6569651C1BE07A6F0035BE0C /* Products */;
			projectDirPath = "";
			projectRoot = "";
			targets = (
				6569651A1BE07A6F0035BE0C /* raytrace */,
			);
		};
/* End PBXProject section */

/* Begin PBXSourcesBuildPhase section */
		656965171BE07A6F0035BE0C /* Sources */ = {
			isa = PBXSourcesBuildPhase;
			buildActionMask = 2147483647;
			files = (
				656965331BE0832D0035BE0C /* raytracer.cpp in Sources */,
				656965291BE0803E0035BE0C /* sphere.cpp in Sources */,
				656965391BE083C00035BE0C /* item.cpp in Sources */,
				6569653F1BE084FD0035BE0C /* Vertex.cpp in Sources */,
				6569651F1BE07A6F0035BE0C /* main.cpp in Sources */,
				656965421BE085BE0035BE0C /* color.cpp in Sources */,
				6569652C1BE0804F0035BE0C /* polygon.cpp in Sources */,
				656965361BE083720035BE0C /* scene.cpp in Sources */,
				6569653E1BE084FD0035BE0C /* Vector.cpp in Sources */,
				6569652F1BE081530035BE0C /* window.cpp in Sources */,
			);
			runOnlyForDeploymentPostprocessing = 0;
		};
/* End PBXSourcesBuildPhase section */

/* Begin XCBuildConfiguration section */
		656965201BE07A6F0035BE0C /* Debug */ = {
			isa = XCBuildConfiguration;
			buildSettings = {
				ALWAYS_SEARCH_USER_PATHS = NO;
				CLANG_CXX_LANGUAGE_STANDARD = "gnu++0x";
				CLANG_CXX_LIBRARY = "libc++";
				CLANG_ENABLE_MODULES = YES;
				CLANG_ENABLE_OBJC_ARC = YES;
				CLANG_WARN_BOOL_CONVERSION = YES;
				CLANG_WARN_CONSTANT_CONVERSION = YES;
				CLANG_WARN_DIRECT_OBJC_ISA_USAGE = YES_ERROR;
				CLANG_WARN_EMPTY_BODY = YES;
				CLANG_WARN_ENUM_CONVERSION = YES;
				CLANG_WARN_INT_CONVERSION = YES;
				CLANG_WARN_OBJC_ROOT_CLASS = YES_ERROR;
				CLANG_WARN_UNREACHABLE_CODE = YES;
				CLANG_WARN__DUPLICATE_METHOD_MATCH = YES;
				COPY_PHASE_STRIP = NO;
				DEBUG_INFORMATION_FORMAT = dwarf;
				ENABLE_STRICT_OBJC_MSGSEND = YES;
				GCC_C_LANGUAGE_STANDARD = gnu99;
				GCC_DYNAMIC_NO_PIC = NO;
				GCC_NO_COMMON_BLOCKS = YES;
				GCC_OPTIMIZATION_LEVEL = 0;
				GCC_PREPROCESSOR_DEFINITIONS = (
					"DEBUG=1",
					"$(inherited)",
				);
				GCC_SYMBOLS_PRIVATE_EXTERN = NO;
				GCC_WARN_64_TO_32_BIT_CONVERSION = YES;
				GCC_WARN_ABOUT_RETURN_TYPE = YES_ERROR;
				GCC_WARN_UNDECLARED_SELECTOR = YES;
				GCC_WARN_UNINITIALIZED_AUTOS = YES_AGGRESSIVE;
				GCC_WARN_UNUSED_FUNCTION = YES;
				GCC_WARN_UNUSED_VARIABLE = YES;
				MACOSX_DEPLOYMENT_TARGET = 10.10;
				MTL_ENABLE_DEBUG_INFO = YES;
				ONLY_ACTIVE_ARCH = YES;
				SDKROOT = macosx;
			};
			name = Debug;
		};
		656965211BE07A6F0035BE0C /* Release */ = {
			isa = XCBuildConfiguration;
			buildSettings = {
				ALWAYS_SEARCH_USER_PATHS = NO;
				CLANG_CXX_LANGUAGE_STANDARD = "gnu++0x";
				CLANG_CXX_LIBRARY = "libc++";
				CLANG_ENABLE_MODULES = YES;
				CLANG_ENABLE_OBJC_ARC = YES;
				CLANG_WARN_BOOL_CONVERSION = YES;
				CLANG_WARN_CONSTANT_CONVERSION = YES;
				CLANG_WARN_DIRECT_OBJC_ISA_USAGE = YES_ERROR;
				CLANG_WARN_EMPTY_BODY = YES;
				CLANG_WARN_ENUM_CONVERSION = YES;
				CLANG_WARN_INT_CONVERSION = YES;
				CLANG_WARN_OBJC_ROOT_CLASS = YES_ERROR;
				CLANG_WARN_UNREACHABLE_CODE = YES;
				CLANG_WARN__DUPLICATE_METHOD_MATCH = YES;
				COPY_PHASE_STRIP = NO;
				DEBUG_INFORMATION_FORMAT = "dwarf-with-dsym";
				ENABLE_NS_ASSERTIONS = NO;
				ENABLE_STRICT_OBJC_MSGSEND = YES;
				GCC_C_LANGUAGE_STANDARD = gnu99;
				GCC_NO_COMMON_BLOCKS = YES;
				GCC_WARN_64_TO_32_BIT_CONVERSION = YES;
				GCC_WARN_ABOUT_RETURN_TYPE = YES_ERROR;
				GCC_WARN_UNDECLARED_SELECTOR = YES;
				GCC_WARN_UNINITIALIZED_AUTOS = YES_AGGRESSIVE;
				GCC_WARN_UNUSED_FUNCTION = YES;
				GCC_WARN_UNUSED_VARIABLE = YES;
				MACOSX_DEPLOYMENT_TARGET = 10.10;
				MTL_ENABLE_DEBUG_INFO = NO;
				SDKROOT = macosx;
			};
			name = Release;
		};
		656965231BE07A6F0035BE0C /* Debug */ = {
			isa = XCBuildConfiguration;
			buildSettings = {
				PRODUCT_NAME = "$(TARGET_NAME)";
			};
			name = Debug;
		};
		656965241BE07A6F0035BE0C /* Release */ = {
			isa = XCBuildConfiguration;
			buildSettings = {
				PRODUCT_NAME = "$(TARGET_NAME)";
			};
			name = Release;
		};
/* End XCBuildConfiguration section */

/* Begin XCConfigurationList section */
		656965161BE07A6F0035BE0C /* Build configuration list for PBXProject "raytrace" */ = {
			isa = XCConfigurationList;
			buildConfigurations = (
				656965201BE07A6F0035BE0C /* Debug */,
				656965211BE07A6F0035BE0C /* Release */,
			);
			defaultConfigurationIsVisible = 0;
			defaultConfigurationName = Release;
		};
		656965221BE07A6F0035BE0C /* Build configuration list for PBXNativeTarget "raytrace" */ = {
			isa = XCConfigurationList;
			buildConfigurations = (
				656965231BE07A6F0035BE0C /* Debug */,
				656965241BE07A6F0035BE0C /* Release */,
			);
			defaultConfigurationIsVisible = 0;
		};
/* End XCConfigurationList section */
	};
	rootObject = 656965131BE07A6F0035BE0C /* Project object */;
}
